// !$*UTF8*$!
{
	archiveVersion = 1;
	classes = {
	};
	objectVersion = 46;
	objects = {

/* Begin PBXBuildFile section */
		0710F3081F1913B600AE59E0 /* VIP+CoreDataClass.swift in Sources */ = {isa = PBXBuildFile; fileRef = 0710F3041F1913B600AE59E0 /* VIP+CoreDataClass.swift */; };
		0710F3091F1913B600AE59E0 /* VIP+CoreDataProperties.swift in Sources */ = {isa = PBXBuildFile; fileRef = 0710F3051F1913B600AE59E0 /* VIP+CoreDataProperties.swift */; };
		0710F30A1F1913B600AE59E0 /* Person+CoreDataClass.swift in Sources */ = {isa = PBXBuildFile; fileRef = 0710F3061F1913B600AE59E0 /* Person+CoreDataClass.swift */; };
		0710F30B1F1913B600AE59E0 /* Person+CoreDataProperties.swift in Sources */ = {isa = PBXBuildFile; fileRef = 0710F3071F1913B600AE59E0 /* Person+CoreDataProperties.swift */; };
		0760D97B1F1753C800898275 /* CoreDataManager.swift in Sources */ = {isa = PBXBuildFile; fileRef = 0760D97A1F1753C800898275 /* CoreDataManager.swift */; };
		0760D9861F17999200898275 /* UIAlertController+Utils.swift in Sources */ = {isa = PBXBuildFile; fileRef = 0760D9851F17999200898275 /* UIAlertController+Utils.swift */; };
		07B0DE251F160DF9001C8028 /* AppDelegate.swift in Sources */ = {isa = PBXBuildFile; fileRef = 07B0DE241F160DF9001C8028 /* AppDelegate.swift */; };
		07B0DE271F160DF9001C8028 /* ViewController.swift in Sources */ = {isa = PBXBuildFile; fileRef = 07B0DE261F160DF9001C8028 /* ViewController.swift */; };
		07B0DE2A1F160DF9001C8028 /* Main.storyboard in Resources */ = {isa = PBXBuildFile; fileRef = 07B0DE281F160DF9001C8028 /* Main.storyboard */; };
		07B0DE2D1F160DF9001C8028 /* HitList.xcdatamodeld in Sources */ = {isa = PBXBuildFile; fileRef = 07B0DE2B1F160DF9001C8028 /* HitList.xcdatamodeld */; };
		07B0DE2F1F160DF9001C8028 /* Assets.xcassets in Resources */ = {isa = PBXBuildFile; fileRef = 07B0DE2E1F160DF9001C8028 /* Assets.xcassets */; };
		07B0DE321F160DF9001C8028 /* LaunchScreen.storyboard in Resources */ = {isa = PBXBuildFile; fileRef = 07B0DE301F160DF9001C8028 /* LaunchScreen.storyboard */; };
		07B0DE3D1F160DF9001C8028 /* HitListTests.swift in Sources */ = {isa = PBXBuildFile; fileRef = 07B0DE3C1F160DF9001C8028 /* HitListTests.swift */; };
		07B0DE481F160DFA001C8028 /* HitListUITests.swift in Sources */ = {isa = PBXBuildFile; fileRef = 07B0DE471F160DFA001C8028 /* HitListUITests.swift */; };
/* End PBXBuildFile section */

/* Begin PBXContainerItemProxy section */
		07B0DE391F160DF9001C8028 /* PBXContainerItemProxy */ = {
			isa = PBXContainerItemProxy;
			containerPortal = 07B0DE191F160DF9001C8028 /* Project object */;
			proxyType = 1;
			remoteGlobalIDString = 07B0DE201F160DF9001C8028;
			remoteInfo = HitList;
		};
		07B0DE441F160DF9001C8028 /* PBXContainerItemProxy */ = {
			isa = PBXContainerItemProxy;
			containerPortal = 07B0DE191F160DF9001C8028 /* Project object */;
			proxyType = 1;
			remoteGlobalIDString = 07B0DE201F160DF9001C8028;
			remoteInfo = HitList;
		};
/* End PBXContainerItemProxy section */

/* Begin PBXFileReference section */
		0710F3041F1913B600AE59E0 /* VIP+CoreDataClass.swift */ = {isa = PBXFileReference; fileEncoding = 4; lastKnownFileType = sourcecode.swift; name = "VIP+CoreDataClass.swift"; path = "../../VIP+CoreDataClass.swift"; sourceTree = "<group>"; };
		0710F3051F1913B600AE59E0 /* VIP+CoreDataProperties.swift */ = {isa = PBXFileReference; fileEncoding = 4; lastKnownFileType = sourcecode.swift; name = "VIP+CoreDataProperties.swift"; path = "../../VIP+CoreDataProperties.swift"; sourceTree = "<group>"; };
		0710F3061F1913B600AE59E0 /* Person+CoreDataClass.swift */ = {isa = PBXFileReference; fileEncoding = 4; lastKnownFileType = sourcecode.swift; name = "Person+CoreDataClass.swift"; path = "../../Person+CoreDataClass.swift"; sourceTree = "<group>"; };
		0710F3071F1913B600AE59E0 /* Person+CoreDataProperties.swift */ = {isa = PBXFileReference; fileEncoding = 4; lastKnownFileType = sourcecode.swift; name = "Person+CoreDataProperties.swift"; path = "../../Person+CoreDataProperties.swift"; sourceTree = "<group>"; };
		0760D97A1F1753C800898275 /* CoreDataManager.swift */ = {isa = PBXFileReference; fileEncoding = 4; lastKnownFileType = sourcecode.swift; path = CoreDataManager.swift; sourceTree = "<group>"; };
		0760D9851F17999200898275 /* UIAlertController+Utils.swift */ = {isa = PBXFileReference; fileEncoding = 4; lastKnownFileType = sourcecode.swift; path = "UIAlertController+Utils.swift"; sourceTree = "<group>"; };
		07B0DE211F160DF9001C8028 /* HitList.app */ = {isa = PBXFileReference; explicitFileType = wrapper.application; includeInIndex = 0; path = HitList.app; sourceTree = BUILT_PRODUCTS_DIR; };
		07B0DE241F160DF9001C8028 /* AppDelegate.swift */ = {isa = PBXFileReference; lastKnownFileType = sourcecode.swift; path = AppDelegate.swift; sourceTree = "<group>"; };
		07B0DE261F160DF9001C8028 /* ViewController.swift */ = {isa = PBXFileReference; lastKnownFileType = sourcecode.swift; path = ViewController.swift; sourceTree = "<group>"; };
		07B0DE291F160DF9001C8028 /* Base */ = {isa = PBXFileReference; lastKnownFileType = file.storyboard; name = Base; path = Base.lproj/Main.storyboard; sourceTree = "<group>"; };
		07B0DE2C1F160DF9001C8028 /* HitList.xcdatamodel */ = {isa = PBXFileReference; lastKnownFileType = wrapper.xcdatamodel; path = HitList.xcdatamodel; sourceTree = "<group>"; };
		07B0DE2E1F160DF9001C8028 /* Assets.xcassets */ = {isa = PBXFileReference; lastKnownFileType = folder.assetcatalog; path = Assets.xcassets; sourceTree = "<group>"; };
		07B0DE311F160DF9001C8028 /* Base */ = {isa = PBXFileReference; lastKnownFileType = file.storyboard; name = Base; path = Base.lproj/LaunchScreen.storyboard; sourceTree = "<group>"; };
		07B0DE331F160DF9001C8028 /* Info.plist */ = {isa = PBXFileReference; lastKnownFileType = text.plist.xml; path = Info.plist; sourceTree = "<group>"; };
		07B0DE381F160DF9001C8028 /* HitListTests.xctest */ = {isa = PBXFileReference; explicitFileType = wrapper.cfbundle; includeInIndex = 0; path = HitListTests.xctest; sourceTree = BUILT_PRODUCTS_DIR; };
		07B0DE3C1F160DF9001C8028 /* HitListTests.swift */ = {isa = PBXFileReference; lastKnownFileType = sourcecode.swift; path = HitListTests.swift; sourceTree = "<group>"; };
		07B0DE3E1F160DF9001C8028 /* Info.plist */ = {isa = PBXFileReference; lastKnownFileType = text.plist.xml; path = Info.plist; sourceTree = "<group>"; };
		07B0DE431F160DF9001C8028 /* HitListUITests.xctest */ = {isa = PBXFileReference; explicitFileType = wrapper.cfbundle; includeInIndex = 0; path = HitListUITests.xctest; sourceTree = BUILT_PRODUCTS_DIR; };
		07B0DE471F160DFA001C8028 /* HitListUITests.swift */ = {isa = PBXFileReference; lastKnownFileType = sourcecode.swift; path = HitListUITests.swift; sourceTree = "<group>"; };
		07B0DE491F160DFA001C8028 /* Info.plist */ = {isa = PBXFileReference; lastKnownFileType = text.plist.xml; path = Info.plist; sourceTree = "<group>"; };
/* End PBXFileReference section */

/* Begin PBXFrameworksBuildPhase section */
		07B0DE1E1F160DF9001C8028 /* Frameworks */ = {
			isa = PBXFrameworksBuildPhase;
			buildActionMask = 2147483647;
			files = (
			);
			runOnlyForDeploymentPostprocessing = 0;
		};
		07B0DE351F160DF9001C8028 /* Frameworks */ = {
			isa = PBXFrameworksBuildPhase;
			buildActionMask = 2147483647;
			files = (
			);
			runOnlyForDeploymentPostprocessing = 0;
		};
		07B0DE401F160DF9001C8028 /* Frameworks */ = {
			isa = PBXFrameworksBuildPhase;
			buildActionMask = 2147483647;
			files = (
			);
			runOnlyForDeploymentPostprocessing = 0;
		};
/* End PBXFrameworksBuildPhase section */

/* Begin PBXGroup section */
		0760D97C1F1769D900898275 /* CoreDataModels */ = {
			isa = PBXGroup;
			children = (
				0710F3041F1913B600AE59E0 /* VIP+CoreDataClass.swift */,
				0710F3051F1913B600AE59E0 /* VIP+CoreDataProperties.swift */,
				0710F3061F1913B600AE59E0 /* Person+CoreDataClass.swift */,
				0710F3071F1913B600AE59E0 /* Person+CoreDataProperties.swift */,
			);
			path = CoreDataModels;
			sourceTree = "<group>";
		};
		07B0DE181F160DF9001C8028 = {
			isa = PBXGroup;
			children = (
				07B0DE231F160DF9001C8028 /* HitList */,
				07B0DE3B1F160DF9001C8028 /* HitListTests */,
				07B0DE461F160DF9001C8028 /* HitListUITests */,
				07B0DE221F160DF9001C8028 /* Products */,
			);
			sourceTree = "<group>";
		};
		07B0DE221F160DF9001C8028 /* Products */ = {
			isa = PBXGroup;
			children = (
				07B0DE211F160DF9001C8028 /* HitList.app */,
				07B0DE381F160DF9001C8028 /* HitListTests.xctest */,
				07B0DE431F160DF9001C8028 /* HitListUITests.xctest */,
			);
			name = Products;
			sourceTree = "<group>";
		};
		07B0DE231F160DF9001C8028 /* HitList */ = {
			isa = PBXGroup;
			children = (
				0760D97C1F1769D900898275 /* CoreDataModels */,
				07B0DE241F160DF9001C8028 /* AppDelegate.swift */,
				07B0DE261F160DF9001C8028 /* ViewController.swift */,
				0760D97A1F1753C800898275 /* CoreDataManager.swift */,
				0760D9851F17999200898275 /* UIAlertController+Utils.swift */,
				07B0DE281F160DF9001C8028 /* Main.storyboard */,
				07B0DE2E1F160DF9001C8028 /* Assets.xcassets */,
				07B0DE301F160DF9001C8028 /* LaunchScreen.storyboard */,
				07B0DE331F160DF9001C8028 /* Info.plist */,
				07B0DE2B1F160DF9001C8028 /* HitList.xcdatamodeld */,
			);
			path = HitList;
			sourceTree = "<group>";
		};
		07B0DE3B1F160DF9001C8028 /* HitListTests */ = {
			isa = PBXGroup;
			children = (
				07B0DE3C1F160DF9001C8028 /* HitListTests.swift */,
				07B0DE3E1F160DF9001C8028 /* Info.plist */,
			);
			path = HitListTests;
			sourceTree = "<group>";
		};
		07B0DE461F160DF9001C8028 /* HitListUITests */ = {
			isa = PBXGroup;
			children = (
				07B0DE471F160DFA001C8028 /* HitListUITests.swift */,
				07B0DE491F160DFA001C8028 /* Info.plist */,
			);
			path = HitListUITests;
			sourceTree = "<group>";
		};
/* End PBXGroup section */

/* Begin PBXNativeTarget section */
		07B0DE201F160DF9001C8028 /* HitList */ = {
			isa = PBXNativeTarget;
			buildConfigurationList = 07B0DE4C1F160DFA001C8028 /* Build configuration list for PBXNativeTarget "HitList" */;
			buildPhases = (
				07B0DE1D1F160DF9001C8028 /* Sources */,
				07B0DE1E1F160DF9001C8028 /* Frameworks */,
				07B0DE1F1F160DF9001C8028 /* Resources */,
			);
			buildRules = (
			);
			dependencies = (
			);
			name = HitList;
			productName = HitList;
			productReference = 07B0DE211F160DF9001C8028 /* HitList.app */;
			productType = "com.apple.product-type.application";
		};
		07B0DE371F160DF9001C8028 /* HitListTests */ = {
			isa = PBXNativeTarget;
			buildConfigurationList = 07B0DE4F1F160DFA001C8028 /* Build configuration list for PBXNativeTarget "HitListTests" */;
			buildPhases = (
				07B0DE341F160DF9001C8028 /* Sources */,
				07B0DE351F160DF9001C8028 /* Frameworks */,
				07B0DE361F160DF9001C8028 /* Resources */,
			);
			buildRules = (
			);
			dependencies = (
				07B0DE3A1F160DF9001C8028 /* PBXTargetDependency */,
			);
			name = HitListTests;
			productName = HitListTests;
			productReference = 07B0DE381F160DF9001C8028 /* HitListTests.xctest */;
			productType = "com.apple.product-type.bundle.unit-test";
		};
		07B0DE421F160DF9001C8028 /* HitListUITests */ = {
			isa = PBXNativeTarget;
			buildConfigurationList = 07B0DE521F160DFA001C8028 /* Build configuration list for PBXNativeTarget "HitListUITests" */;
			buildPhases = (
				07B0DE3F1F160DF9001C8028 /* Sources */,
				07B0DE401F160DF9001C8028 /* Frameworks */,
				07B0DE411F160DF9001C8028 /* Resources */,
			);
			buildRules = (
			);
			dependencies = (
				07B0DE451F160DF9001C8028 /* PBXTargetDependency */,
			);
			name = HitListUITests;
			productName = HitListUITests;
			productReference = 07B0DE431F160DF9001C8028 /* HitListUITests.xctest */;
			productType = "com.apple.product-type.bundle.ui-testing";
		};
/* End PBXNativeTarget section */

/* Begin PBXProject section */
		07B0DE191F160DF9001C8028 /* Project object */ = {
			isa = PBXProject;
			attributes = {
				LastSwiftUpdateCheck = 0820;
				LastUpgradeCheck = 0820;
				ORGANIZATIONNAME = "Karunakar Bandikatla";
				TargetAttributes = {
					07B0DE201F160DF9001C8028 = {
						CreatedOnToolsVersion = 8.2.1;
						ProvisioningStyle = Automatic;
					};
					07B0DE371F160DF9001C8028 = {
						CreatedOnToolsVersion = 8.2.1;
						ProvisioningStyle = Automatic;
						TestTargetID = 07B0DE201F160DF9001C8028;
					};
					07B0DE421F160DF9001C8028 = {
						CreatedOnToolsVersion = 8.2.1;
						ProvisioningStyle = Automatic;
						TestTargetID = 07B0DE201F160DF9001C8028;
					};
				};
			};
			buildConfigurationList = 07B0DE1C1F160DF9001C8028 /* Build configuration list for PBXProject "HitList" */;
			compatibilityVersion = "Xcode 3.2";
			developmentRegion = English;
			hasScannedForEncodings = 0;
			knownRegions = (
				en,
				Base,
			);
			mainGroup = 07B0DE181F160DF9001C8028;
			productRefGroup = 07B0DE221F160DF9001C8028 /* Products */;
			projectDirPath = "";
			projectRoot = "";
			targets = (
				07B0DE201F160DF9001C8028 /* HitList */,
				07B0DE371F160DF9001C8028 /* HitListTests */,
				07B0DE421F160DF9001C8028 /* HitListUITests */,
			);
		};
/* End PBXProject section */

/* Begin PBXResourcesBuildPhase section */
		07B0DE1F1F160DF9001C8028 /* Resources */ = {
			isa = PBXResourcesBuildPhase;
			buildActionMask = 2147483647;
			files = (
				07B0DE321F160DF9001C8028 /* LaunchScreen.storyboard in Resources */,
				07B0DE2F1F160DF9001C8028 /* Assets.xcassets in Resources */,
				07B0DE2A1F160DF9001C8028 /* Main.storyboard in Resources */,
			);
			runOnlyForDeploymentPostprocessing = 0;
		};
		07B0DE361F160DF9001C8028 /* Resources */ = {
			isa = PBXResourcesBuildPhase;
			buildActionMask = 2147483647;
			files = (
			);
			runOnlyForDeploymentPostprocessing = 0;
		};
		07B0DE411F160DF9001C8028 /* Resources */ = {
			isa = PBXResourcesBuildPhase;
			buildActionMask = 2147483647;
			files = (
			);
			runOnlyForDeploymentPostprocessing = 0;
		};
/* End PBXResourcesBuildPhase section */

/* Begin PBXSourcesBuildPhase section */
		07B0DE1D1F160DF9001C8028 /* Sources */ = {
			isa = PBXSourcesBuildPhase;
			buildActionMask = 2147483647;
			files = (
				0710F30A1F1913B600AE59E0 /* Person+CoreDataClass.swift in Sources */,
				0760D97B1F1753C800898275 /* CoreDataManager.swift in Sources */,
				0710F30B1F1913B600AE59E0 /* Person+CoreDataProperties.swift in Sources */,
				07B0DE2D1F160DF9001C8028 /* HitList.xcdatamodeld in Sources */,
				0760D9861F17999200898275 /* UIAlertController+Utils.swift in Sources */,
				0710F3091F1913B600AE59E0 /* VIP+CoreDataProperties.swift in Sources */,
				0710F3081F1913B600AE59E0 /* VIP+CoreDataClass.swift in Sources */,
				07B0DE271F160DF9001C8028 /* ViewController.swift in Sources */,
				07B0DE251F160DF9001C8028 /* AppDelegate.swift in Sources */,
			);
			runOnlyForDeploymentPostprocessing = 0;
		};
		07B0DE341F160DF9001C8028 /* Sources */ = {
			isa = PBXSourcesBuildPhase;
			buildActionMask = 2147483647;
			files = (
				07B0DE3D1F160DF9001C8028 /* HitListTests.swift in Sources */,
			);
			runOnlyForDeploymentPostprocessing = 0;
		};
		07B0DE3F1F160DF9001C8028 /* Sources */ = {
			isa = PBXSourcesBuildPhase;
			buildActionMask = 2147483647;
			files = (
				07B0DE481F160DFA001C8028 /* HitListUITests.swift in Sources */,
			);
			runOnlyForDeploymentPostprocessing = 0;
		};
/* End PBXSourcesBuildPhase section */

/* Begin PBXTargetDependency section */
		07B0DE3A1F160DF9001C8028 /* PBXTargetDependency */ = {
			isa = PBXTargetDependency;
			target = 07B0DE201F160DF9001C8028 /* HitList */;
			targetProxy = 07B0DE391F160DF9001C8028 /* PBXContainerItemProxy */;
		};
		07B0DE451F160DF9001C8028 /* PBXTargetDependency */ = {
			isa = PBXTargetDependency;
			target = 07B0DE201F160DF9001C8028 /* HitList */;
			targetProxy = 07B0DE441F160DF9001C8028 /* PBXContainerItemProxy */;
		};
/* End PBXTargetDependency section */

/* Begin PBXVariantGroup section */
		07B0DE281F160DF9001C8028 /* Main.storyboard */ = {
			isa = PBXVariantGroup;
			children = (
				07B0DE291F160DF9001C8028 /* Base */,
			);
			name = Main.storyboard;
			sourceTree = "<group>";
		};
		07B0DE301F160DF9001C8028 /* LaunchScreen.storyboard */ = {
			isa = PBXVariantGroup;
			children = (
				07B0DE311F160DF9001C8028 /* Base */,
			);
			name = LaunchScreen.storyboard;
			sourceTree = "<group>";
		};
/* End PBXVariantGroup section */

/* Begin XCBuildConfiguration section */
		07B0DE4A1F160DFA001C8028 /* Debug */ = {
			isa = XCBuildConfiguration;
			buildSettings = {
				ALWAYS_SEARCH_USER_PATHS = NO;
				CLANG_ANALYZER_NONNULL = YES;
				CLANG_CXX_LANGUAGE_STANDARD = "gnu++0x";
				CLANG_CXX_LIBRARY = "libc++";
				CLANG_ENABLE_MODULES = YES;
				CLANG_ENABLE_OBJC_ARC = YES;
				CLANG_WARN_BOOL_CONVERSION = YES;
				CLANG_WARN_CONSTANT_CONVERSION = YES;
				CLANG_WARN_DIRECT_OBJC_ISA_USAGE = YES_ERROR;
				CLANG_WARN_DOCUMENTATION_COMMENTS = YES;
				CLANG_WARN_EMPTY_BODY = YES;
				CLANG_WARN_ENUM_CONVERSION = YES;
				CLANG_WARN_INFINITE_RECURSION = YES;
				CLANG_WARN_INT_CONVERSION = YES;
				CLANG_WARN_OBJC_ROOT_CLASS = YES_ERROR;
				CLANG_WARN_SUSPICIOUS_MOVE = YES;
				CLANG_WARN_UNREACHABLE_CODE = YES;
				CLANG_WARN__DUPLICATE_METHOD_MATCH = YES;
				"CODE_SIGN_IDENTITY[sdk=iphoneos*]" = "iPhone Developer";
				COPY_PHASE_STRIP = NO;
				DEBUG_INFORMATION_FORMAT = dwarf;
				ENABLE_STRICT_OBJC_MSGSEND = YES;
				ENABLE_TESTABILITY = YES;
				GCC_C_LANGUAGE_STANDARD = gnu99;
				GCC_DYNAMIC_NO_PIC = NO;
				GCC_NO_COMMON_BLOCKS = YES;
				GCC_OPTIMIZATION_LEVEL = 0;
				GCC_PREPROCESSOR_DEFINITIONS = (
					"DEBUG=1",
					"$(inherited)",
				);
				GCC_WARN_64_TO_32_BIT_CONVERSION = YES;
				GCC_WARN_ABOUT_RETURN_TYPE = YES_ERROR;
				GCC_WARN_UNDECLARED_SELECTOR = YES;
				GCC_WARN_UNINITIALIZED_AUTOS = YES_AGGRESSIVE;
				GCC_WARN_UNUSED_FUNCTION = YES;
				GCC_WARN_UNUSED_VARIABLE = YES;
				IPHONEOS_DEPLOYMENT_TARGET = 10.2;
				MTL_ENABLE_DEBUG_INFO = YES;
				ONLY_ACTIVE_ARCH = YES;
				SDKROOT = iphoneos;
				SWIFT_ACTIVE_COMPILATION_CONDITIONS = DEBUG;
				SWIFT_OPTIMIZATION_LEVEL = "-Onone";
			};
			name = Debug;
		};
		07B0DE4B1F160DFA001C8028 /* Release */ = {
			isa = XCBuildConfiguration;
			buildSettings = {
				ALWAYS_SEARCH_USER_PATHS = NO;
				CLANG_ANALYZER_NONNULL = YES;
				CLANG_CXX_LANGUAGE_STANDARD = "gnu++0x";
				CLANG_CXX_LIBRARY = "libc++";
				CLANG_ENABLE_MODULES = YES;
				CLANG_ENABLE_OBJC_ARC = YES;
				CLANG_WARN_BOOL_CONVERSION = YES;
				CLANG_WARN_CONSTANT_CONVERSION = YES;
				CLANG_WARN_DIRECT_OBJC_ISA_USAGE = YES_ERROR;
				CLANG_WARN_DOCUMENTATION_COMMENTS = YES;
				CLANG_WARN_EMPTY_BODY = YES;
				CLANG_WARN_ENUM_CONVERSION = YES;
				CLANG_WARN_INFINITE_RECURSION = YES;
				CLANG_WARN_INT_CONVERSION = YES;
				CLANG_WARN_OBJC_ROOT_CLASS = YES_ERROR;
				CLANG_WARN_SUSPICIOUS_MOVE = YES;
				CLANG_WARN_UNREACHABLE_CODE = YES;
				CLANG_WARN__DUPLICATE_METHOD_MATCH = YES;
				"CODE_SIGN_IDENTITY[sdk=iphoneos*]" = "iPhone Developer";
				COPY_PHASE_STRIP = NO;
				DEBUG_INFORMATION_FORMAT = "dwarf-with-dsym";
				ENABLE_NS_ASSERTIONS = NO;
				ENABLE_STRICT_OBJC_MSGSEND = YES;
				GCC_C_LANGUAGE_STANDARD = gnu99;
				GCC_NO_COMMON_BLOCKS = YES;
				GCC_WARN_64_TO_32_BIT_CONVERSION = YES;
				GCC_WARN_ABOUT_RETURN_TYPE = YES_ERROR;
				GCC_WARN_UNDECLARED_SELECTOR = YES;
				GCC_WARN_UNINITIALIZED_AUTOS = YES_AGGRESSIVE;
				GCC_WARN_UNUSED_FUNCTION = YES;
				GCC_WARN_UNUSED_VARIABLE = YES;
				IPHONEOS_DEPLOYMENT_TARGET = 10.2;
				MTL_ENABLE_DEBUG_INFO = NO;
				SDKROOT = iphoneos;
				SWIFT_OPTIMIZATION_LEVEL = "-Owholemodule";
				VALIDATE_PRODUCT = YES;
			};
			name = Release;
		};
		07B0DE4D1F160DFA001C8028 /* Debug */ = {
			isa = XCBuildConfiguration;
			buildSettings = {
				ASSETCATALOG_COMPILER_APPICON_NAME = AppIcon;
				INFOPLIST_FILE = HitList/Info.plist;
				LD_RUNPATH_SEARCH_PATHS = "$(inherited) @executable_path/Frameworks";
				PRODUCT_BUNDLE_IDENTIFIER = com.cognizant.HitList;
				PRODUCT_NAME = "$(TARGET_NAME)";
				SWIFT_VERSION = 3.0;
			};
			name = Debug;
		};
		07B0DE4E1F160DFA001C8028 /* Release */ = {
			isa = XCBuildConfiguration;
			buildSettings = {
				ASSETCATALOG_COMPILER_APPICON_NAME = AppIcon;
				INFOPLIST_FILE = HitList/Info.plist;
				LD_RUNPATH_SEARCH_PATHS = "$(inherited) @executable_path/Frameworks";
				PRODUCT_BUNDLE_IDENTIFIER = com.cognizant.HitList;
				PRODUCT_NAME = "$(TARGET_NAME)";
				SWIFT_VERSION = 3.0;
			};
			name = Release;
		};
		07B0DE501F160DFA001C8028 /* Debug */ = {
			isa = XCBuildConfiguration;
			buildSettings = {
				ALWAYS_EMBED_SWIFT_STANDARD_LIBRARIES = YES;
				BUNDLE_LOADER = "$(TEST_HOST)";
				INFOPLIST_FILE = HitListTests/Info.plist;
				LD_RUNPATH_SEARCH_PATHS = "$(inherited) @executable_path/Frameworks @loader_path/Frameworks";
				PRODUCT_BUNDLE_IDENTIFIER = com.cognizant.HitListTests;
				PRODUCT_NAME = "$(TARGET_NAME)";
				SWIFT_VERSION = 3.0;
				TEST_HOST = "$(BUILT_PRODUCTS_DIR)/HitList.app/HitList";
			};
			name = Debug;
		};
		07B0DE511F160DFA001C8028 /* Release */ = {
			isa = XCBuildConfiguration;
			buildSettings = {
				ALWAYS_EMBED_SWIFT_STANDARD_LIBRARIES = YES;
				BUNDLE_LOADER = "$(TEST_HOST)";
				INFOPLIST_FILE = HitListTests/Info.plist;
				LD_RUNPATH_SEARCH_PATHS = "$(inherited) @executable_path/Frameworks @loader_path/Frameworks";
				PRODUCT_BUNDLE_IDENTIFIER = com.cognizant.HitListTests;
				PRODUCT_NAME = "$(TARGET_NAME)";
				SWIFT_VERSION = 3.0;
				TEST_HOST = "$(BUILT_PRODUCTS_DIR)/HitList.app/HitList";
			};
			name = Release;
		};
		07B0DE531F160DFA001C8028 /* Debug */ = {
			isa = XCBuildConfiguration;
			buildSettings = {
				ALWAYS_EMBED_SWIFT_STANDARD_LIBRARIES = YES;
				INFOPLIST_FILE = HitListUITests/Info.plist;
				LD_RUNPATH_SEARCH_PATHS = "$(inherited) @executable_path/Frameworks @loader_path/Frameworks";
				PRODUCT_BUNDLE_IDENTIFIER = com.cognizant.HitListUITests;
				PRODUCT_NAME = "$(TARGET_NAME)";
				SWIFT_VERSION = 3.0;
				TEST_TARGET_NAME = HitList;
			};
			name = Debug;
		};
		07B0DE541F160DFA001C8028 /* Release */ = {
			isa = XCBuildConfiguration;
			buildSettings = {
				ALWAYS_EMBED_SWIFT_STANDARD_LIBRARIES = YES;
				INFOPLIST_FILE = HitListUITests/Info.plist;
				LD_RUNPATH_SEARCH_PATHS = "$(inherited) @executable_path/Frameworks @loader_path/Frameworks";
				PRODUCT_BUNDLE_IDENTIFIER = com.cognizant.HitListUITests;
				PRODUCT_NAME = "$(TARGET_NAME)";
				SWIFT_VERSION = 3.0;
				TEST_TARGET_NAME = HitList;
			};
			name = Release;
		};
/* End XCBuildConfiguration section */

/* Begin XCConfigurationList section */
		07B0DE1C1F160DF9001C8028 /* Build configuration list for PBXProject "HitList" */ = {
			isa = XCConfigurationList;
			buildConfigurations = (
				07B0DE4A1F160DFA001C8028 /* Debug */,
				07B0DE4B1F160DFA001C8028 /* Release */,
			);
			defaultConfigurationIsVisible = 0;
			defaultConfigurationName = Release;
		};
		07B0DE4C1F160DFA001C8028 /* Build configuration list for PBXNativeTarget "HitList" */ = {
			isa = XCConfigurationList;
			buildConfigurations = (
				07B0DE4D1F160DFA001C8028 /* Debug */,
				07B0DE4E1F160DFA001C8028 /* Release */,
			);
			defaultConfigurationIsVisible = 0;
			defaultConfigurationName = Release;
		};
		07B0DE4F1F160DFA001C8028 /* Build configuration list for PBXNativeTarget "HitListTests" */ = {
			isa = XCConfigurationList;
			buildConfigurations = (
				07B0DE501F160DFA001C8028 /* Debug */,
				07B0DE511F160DFA001C8028 /* Release */,
			);
			defaultConfigurationIsVisible = 0;
			defaultConfigurationName = Release;
		};
		07B0DE521F160DFA001C8028 /* Build configuration list for PBXNativeTarget "HitListUITests" */ = {
			isa = XCConfigurationList;
			buildConfigurations = (
				07B0DE531F160DFA001C8028 /* Debug */,
				07B0DE541F160DFA001C8028 /* Release */,
			);
			defaultConfigurationIsVisible = 0;
			defaultConfigurationName = Release;
		};
/* End XCConfigurationList section */

/* Begin XCVersionGroup section */
		07B0DE2B1F160DF9001C8028 /* HitList.xcdatamodeld */ = {
			isa = XCVersionGroup;
			children = (
				07B0DE2C1F160DF9001C8028 /* HitList.xcdatamodel */,
			);
			currentVersion = 07B0DE2C1F160DF9001C8028 /* HitList.xcdatamodel */;
			path = HitList.xcdatamodeld;
			sourceTree = "<group>";
			versionGroupType = wrapper.xcdatamodel;
		};
/* End XCVersionGroup section */
	};
	rootObject = 07B0DE191F160DF9001C8028 /* Project object */;
}
